
Microsoft Visual Studio Solution File, Format Version 12.00
# Visual Studio Version 17
VisualStudioVersion = 17.8.34316.72
MinimumVisualStudioVersion = 10.0.40219.1
Project("{9A19103F-16F7-4668-BE54-9A1E7A4F7556}") = "Brainstable.AgroMeteoAPI", "Brainstable.AgroMeteoAPI\Brainstable.AgroMeteoAPI.csproj", "{A0F9B795-B1AF-4B86-A57E-3799B4A334BF}"
EndProject
Project("{FAE04EC0-301F-11D3-BF4B-00C04F79EFBC}") = "Brainstable.AgroMeteoAPI.Contracts", "Brainstable.AgroMeteoAPI.Contracts\Brainstable.AgroMeteoAPI.Contracts.csproj", "{93B080C7-1015-47BC-818A-10953907A1FC}"
EndProject
Project("{FAE04EC0-301F-11D3-BF4B-00C04F79EFBC}") = "Brainstable.AgroMeteoAPI.LoggerService", "Brainstable.AgroMeteoAPI.LoggerService\Brainstable.AgroMeteoAPI.LoggerService.csproj", "{735D3166-5D63-4050-BF2E-2979FD37854D}"
EndProject
Project("{FAE04EC0-301F-11D3-BF4B-00C04F79EFBC}") = "Brainstable.AgroMeteoAPI.Entities", "Brainstable.AgroMeteoAPI.Entities\Brainstable.AgroMeteoAPI.Entities.csproj", "{76534519-9506-4D08-A39E-8D8AE9AC9DE1}"
EndProject
Project("{FAE04EC0-301F-11D3-BF4B-00C04F79EFBC}") = "Brainstable.AgroMeteoAPI.Repository", "Brainstable.AgroMeteoAPI.Repository\Brainstable.AgroMeteoAPI.Repository.csproj", "{61DAAEE9-D467-4D46-BAD9-7C17835B51FE}"
EndProject
Project("{FAE04EC0-301F-11D3-BF4B-00C04F79EFBC}") = "Brainstable.AgroMeteoAPI.Service.Contracts", "Brainstable.AgroMeteoAPI.Service.Contracts\Brainstable.AgroMeteoAPI.Service.Contracts.csproj", "{79E79FAA-A5F5-4080-B52E-92E1DB012A2B}"
EndProject
Project("{FAE04EC0-301F-11D3-BF4B-00C04F79EFBC}") = "Brainstable.AgroMeteoAPI.Service", "Brainstable.AgroMeteoAPI.Service\Brainstable.AgroMeteoAPI.Service.csproj", "{9FD00303-900A-4F23-A600-2262E1C97600}"
EndProject
Project("{FAE04EC0-301F-11D3-BF4B-00C04F79EFBC}") = "Brainstable.AgroMeteoAPI.Presentation", "Brainstable.AgroMeteoAPI.Presentation\Brainstable.AgroMeteoAPI.Presentation.csproj", "{BE12CBA4-ADC6-40FE-8938-E86ED1780970}"
EndProject
Project("{FAE04EC0-301F-11D3-BF4B-00C04F79EFBC}") = "Brainstable.AgroMeteoAPI.Shared", "Brainstable.AgroMeteoAPI.Shared\Brainstable.AgroMeteoAPI.Shared.csproj", "{D074E730-51B4-4E15-9EFB-4511D2519B77}"
EndProject
Global
	GlobalSection(SolutionConfigurationPlatforms) = preSolution
		Debug|Any CPU = Debug|Any CPU
		Release|Any CPU = Release|Any CPU
	EndGlobalSection
	GlobalSection(ProjectConfigurationPlatforms) = postSolution
		{A0F9B795-B1AF-4B86-A57E-3799B4A334BF}.Debug|Any CPU.ActiveCfg = Debug|Any CPU
		{A0F9B795-B1AF-4B86-A57E-3799B4A334BF}.Debug|Any CPU.Build.0 = Debug|Any CPU
		{A0F9B795-B1AF-4B86-A57E-3799B4A334BF}.Release|Any CPU.ActiveCfg = Release|Any CPU
		{A0F9B795-B1AF-4B86-A57E-3799B4A334BF}.Release|Any CPU.Build.0 = Release|Any CPU
		{93B080C7-1015-47BC-818A-10953907A1FC}.Debug|Any CPU.ActiveCfg = Debug|Any CPU
		{93B080C7-1015-47BC-818A-10953907A1FC}.Debug|Any CPU.Build.0 = Debug|Any CPU
		{93B080C7-1015-47BC-818A-10953907A1FC}.Release|Any CPU.ActiveCfg = Release|Any CPU
		{93B080C7-1015-47BC-818A-10953907A1FC}.Release|Any CPU.Build.0 = Release|Any CPU
		{735D3166-5D63-4050-BF2E-2979FD37854D}.Debug|Any CPU.ActiveCfg = Debug|Any CPU
		{735D3166-5D63-4050-BF2E-2979FD37854D}.Debug|Any CPU.Build.0 = Debug|Any CPU
		{735D3166-5D63-4050-BF2E-2979FD37854D}.Release|Any CPU.ActiveCfg = Release|Any CPU
		{735D3166-5D63-4050-BF2E-2979FD37854D}.Release|Any CPU.Build.0 = Release|Any CPU
		{76534519-9506-4D08-A39E-8D8AE9AC9DE1}.Debug|Any CPU.ActiveCfg = Debug|Any CPU
		{76534519-9506-4D08-A39E-8D8AE9AC9DE1}.Debug|Any CPU.Build.0 = Debug|Any CPU
		{76534519-9506-4D08-A39E-8D8AE9AC9DE1}.Release|Any CPU.ActiveCfg = Release|Any CPU
		{76534519-9506-4D08-A39E-8D8AE9AC9DE1}.Release|Any CPU.Build.0 = Release|Any CPU
		{61DAAEE9-D467-4D46-BAD9-7C17835B51FE}.Debug|Any CPU.ActiveCfg = Debug|Any CPU
		{61DAAEE9-D467-4D46-BAD9-7C17835B51FE}.Debug|Any CPU.Build.0 = Debug|Any CPU
		{61DAAEE9-D467-4D46-BAD9-7C17835B51FE}.Release|Any CPU.ActiveCfg = Release|Any CPU
		{61DAAEE9-D467-4D46-BAD9-7C17835B51FE}.Release|Any CPU.Build.0 = Release|Any CPU
		{79E79FAA-A5F5-4080-B52E-92E1DB012A2B}.Debug|Any CPU.ActiveCfg = Debug|Any CPU
		{79E79FAA-A5F5-4080-B52E-92E1DB012A2B}.Debug|Any CPU.Build.0 = Debug|Any CPU
		{79E79FAA-A5F5-4080-B52E-92E1DB012A2B}.Release|Any CPU.ActiveCfg = Release|Any CPU
		{79E79FAA-A5F5-4080-B52E-92E1DB012A2B}.Release|Any CPU.Build.0 = Release|Any CPU
		{9FD00303-900A-4F23-A600-2262E1C97600}.Debug|Any CPU.ActiveCfg = Debug|Any CPU
		{9FD00303-900A-4F23-A600-2262E1C97600}.Debug|Any CPU.Build.0 = Debug|Any CPU
		{9FD00303-900A-4F23-A600-2262E1C97600}.Release|Any CPU.ActiveCfg = Release|Any CPU
		{9FD00303-900A-4F23-A600-2262E1C97600}.Release|Any CPU.Build.0 = Release|Any CPU
		{BE12CBA4-ADC6-40FE-8938-E86ED1780970}.Debug|Any CPU.ActiveCfg = Debug|Any CPU
		{BE12CBA4-ADC6-40FE-8938-E86ED1780970}.Debug|Any CPU.Build.0 = Debug|Any CPU
		{BE12CBA4-ADC6-40FE-8938-E86ED1780970}.Release|Any CPU.ActiveCfg = Release|Any CPU
		{BE12CBA4-ADC6-40FE-8938-E86ED1780970}.Release|Any CPU.Build.0 = Release|Any CPU
		{D074E730-51B4-4E15-9EFB-4511D2519B77}.Debug|Any CPU.ActiveCfg = Debug|Any CPU
		{D074E730-51B4-4E15-9EFB-4511D2519B77}.Debug|Any CPU.Build.0 = Debug|Any CPU
		{D074E730-51B4-4E15-9EFB-4511D2519B77}.Release|Any CPU.ActiveCfg = Release|Any CPU
		{D074E730-51B4-4E15-9EFB-4511D2519B77}.Release|Any CPU.Build.0 = Release|Any CPU
	EndGlobalSection
	GlobalSection(SolutionProperties) = preSolution
		HideSolutionNode = FALSE
	EndGlobalSection
	GlobalSection(ExtensibilityGlobals) = postSolution
		SolutionGuid = {3F5A0A4F-9D72-4101-9F72-64F7D1364B86}
	EndGlobalSection
EndGlobal
